
Microsoft Visual Studio Solution File, Format Version 12.00
# Visual Studio Version 16
VisualStudioVersion = 16.0.33027.164
MinimumVisualStudioVersion = 10.0.40219.1
Project("{FAE04EC0-301F-11D3-BF4B-00C04F79EFBC}") = "IJ Buy crystals", "IJ Buy crystals\IJ Buy crystals.csproj", "{1D5E38AF-CC27-4163-B802-59D5336B5522}"
EndProject
Global
	GlobalSection(SolutionConfigurationPlatforms) = preSolution
		Debug|Any CPU = Debug|Any CPU
		Release|Any CPU = Release|Any CPU
	EndGlobalSection
	GlobalSection(ProjectConfigurationPlatforms) = postSolution
		{1D5E38AF-CC27-4163-B802-59D5336B5522}.Debug|Any CPU.ActiveCfg = Debug|Any CPU
		{1D5E38AF-CC27-4163-B802-59D5336B5522}.Debug|Any CPU.Build.0 = Debug|Any CPU
		{1D5E38AF-CC27-4163-B802-59D5336B5522}.Release|Any CPU.ActiveCfg = Release|Any CPU
		{1D5E38AF-CC27-4163-B802-59D5336B5522}.Release|Any CPU.Build.0 = Release|Any CPU
	EndGlobalSection
	GlobalSection(SolutionProperties) = preSolution
		HideSolutionNode = FALSE
	EndGlobalSection
	GlobalSection(ExtensibilityGlobals) = postSolution
		SolutionGuid = {03214E49-E0A7-46E2-9D61-5B80C8D4840E}
	EndGlobalSection
EndGlobal
